
Microsoft Visual Studio Solution File, Format Version 12.00
Project("{FAE04EC0-301F-11D3-BF4B-00C04F79EFBC}") = "Lame.Frontend", "Lame.Frontend\Lame.Frontend.csproj", "{23C5036F-DD4D-4A94-B27A-13D558DFFFB2}"
EndProject
Project("{FAE04EC0-301F-11D3-BF4B-00C04F79EFBC}") = "Lame.DomainModel", "Lame.DomainModel\Lame.DomainModel.csproj", "{927B31A8-289F-4FD8-AD80-7A16575F136B}"
EndProject
Project("{FAE04EC0-301F-11D3-BF4B-00C04F79EFBC}") = "Lame.Backend.Assets", "Lame.Backend.Assets\Lame.Backend.Assets.csproj", "{02897B7B-37F0-437F-973F-02C36A992B46}"
EndProject
Project("{FAE04EC0-301F-11D3-BF4B-00C04F79EFBC}") = "Lame.Backend.Assets.LocalEF", "Lame.Backend.Assets.LocalEF\Lame.Backend.Assets.LocalEF.csproj", "{F89E8924-5DE8-44C5-8298-966054464C56}"
EndProject
Project("{FAE04EC0-301F-11D3-BF4B-00C04F79EFBC}") = "Lame.Backend.EntityFramework", "Lame.Backend.EntityFramework\Lame.Backend.EntityFramework.csproj", "{DB294B8E-26D4-4407-9F89-B3CC4F83500E}"
EndProject
Project("{FAE04EC0-301F-11D3-BF4B-00C04F79EFBC}") = "Lame.Backend.Translations", "Lame.Backend.Translations\Lame.Backend.Translations.csproj", "{C016878F-86C8-435D-9192-BA24AECA66E3}"
EndProject
Project("{FAE04EC0-301F-11D3-BF4B-00C04F79EFBC}") = "Lame.Backend.Translations.LocalEF", "Lame.Backend.Translations.LocalEF\Lame.Backend.Translations.LocalEF.csproj", "{F099D775-6138-4B6B-9902-2D3C83753B9A}"
EndProject
Project("{FAE04EC0-301F-11D3-BF4B-00C04F79EFBC}") = "Lame.Backend.Tags", "Lame.Backend.Tags\Lame.Backend.Tags.csproj", "{AF011EDF-16E4-44D3-A73B-329D1D32F50F}"
EndProject
Project("{FAE04EC0-301F-11D3-BF4B-00C04F79EFBC}") = "Lame.Backend.Tags.LocalEF", "Lame.Backend.Tags.LocalEF\Lame.Backend.Tags.LocalEF.csproj", "{44A508FA-6C94-4C9F-BC77-672111019CDA}"
EndProject
Project("{FAE04EC0-301F-11D3-BF4B-00C04F79EFBC}") = "Lame.Backend.Languages", "Lame.Backend.Languages\Lame.Backend.Languages.csproj", "{90A3E7E0-8199-4BEE-B340-49CF0A19B52A}"
EndProject
Project("{FAE04EC0-301F-11D3-BF4B-00C04F79EFBC}") = "Lame.Backend.Languages.LocalEF", "Lame.Backend.Languages.LocalEF\Lame.Backend.Languages.LocalEF.csproj", "{2A274479-1654-40DC-BCF8-9BB9499F889C}"
EndProject
Project("{FAE04EC0-301F-11D3-BF4B-00C04F79EFBC}") = "Lame.Backend.Statistics", "Lame.Backend.Statistics\Lame.Backend.Statistics.csproj", "{914AB9CB-C3A6-4175-B963-CC27580780D0}"
EndProject
Project("{FAE04EC0-301F-11D3-BF4B-00C04F79EFBC}") = "Lame.Backend.Statistics.LocalEF", "Lame.Backend.Statistics.LocalEF\Lame.Backend.Statistics.LocalEF.csproj", "{0DA35B8F-2A5A-4EA1-B9E1-3C80A3566C78}"
EndProject
Project("{FAE04EC0-301F-11D3-BF4B-00C04F79EFBC}") = "Lame.Backend.Exports", "Lame.Backend.Exports\Lame.Backend.Exports.csproj", "{8D3937EE-13D0-4976-B99F-71AAC299B496}"
EndProject
Project("{FAE04EC0-301F-11D3-BF4B-00C04F79EFBC}") = "Lame.Backend.Exports.LocalEF", "Lame.Backend.Exports.LocalEF\Lame.Backend.Exports.LocalEF.csproj", "{67953411-54A3-49E5-B9A7-5C60753023DA}"
EndProject
Project("{FAE04EC0-301F-11D3-BF4B-00C04F79EFBC}") = "Lame.Backend.EntityFramework.Tests", "Lame.Backend.EntityFramework.Tests\Lame.Backend.EntityFramework.Tests.csproj", "{A6963F36-1924-4F44-A493-3BE424D024D6}"
EndProject
Project("{FAE04EC0-301F-11D3-BF4B-00C04F79EFBC}") = "Lame.Backend.Assets.LocalEF.Tests", "Lame.Backend.Assets.LocalEF.Tests\Lame.Backend.Assets.LocalEF.Tests.csproj", "{11442099-531E-462D-AF0B-AD2332AB239B}"
EndProject
Project("{FAE04EC0-301F-11D3-BF4B-00C04F79EFBC}") = "Lame.Backend.Translations.LocalEF.Tests", "Lame.Backend.Translations.LocalEF.Tests\Lame.Backend.Translations.LocalEF.Tests.csproj", "{7BBFACF0-4F35-461D-84FD-AA36D802A996}"
EndProject
Project("{FAE04EC0-301F-11D3-BF4B-00C04F79EFBC}") = "Lame.Backend.Tags.LocalEF.Tests", "Lame.Backend.Tags.LocalEF.Tests\Lame.Backend.Tags.LocalEF.Tests.csproj", "{F040195D-CD5F-4C7B-A7FF-4E1F2F22A8CF}"
EndProject
Project("{FAE04EC0-301F-11D3-BF4B-00C04F79EFBC}") = "Lame.Backend.Statistics.LocalEF.Tests", "Lame.Backend.Statistics.LocalEF.Tests\Lame.Backend.Statistics.LocalEF.Tests.csproj", "{65D2DF89-5A63-47D4-ABEE-951630DD90B1}"
EndProject
Project("{FAE04EC0-301F-11D3-BF4B-00C04F79EFBC}") = "Lame.Backend.Languages.LocalEF.Tests", "Lame.Backend.Languages.LocalEF.Tests\Lame.Backend.Languages.LocalEF.Tests.csproj", "{27835E16-ABD9-4040-8A86-7CCB116A569B}"
EndProject
Global
	GlobalSection(SolutionConfigurationPlatforms) = preSolution
		Debug|Any CPU = Debug|Any CPU
		Release|Any CPU = Release|Any CPU
	EndGlobalSection
	GlobalSection(ProjectConfigurationPlatforms) = postSolution
		{23C5036F-DD4D-4A94-B27A-13D558DFFFB2}.Debug|Any CPU.ActiveCfg = Debug|Any CPU
		{23C5036F-DD4D-4A94-B27A-13D558DFFFB2}.Debug|Any CPU.Build.0 = Debug|Any CPU
		{23C5036F-DD4D-4A94-B27A-13D558DFFFB2}.Release|Any CPU.ActiveCfg = Release|Any CPU
		{23C5036F-DD4D-4A94-B27A-13D558DFFFB2}.Release|Any CPU.Build.0 = Release|Any CPU
		{927B31A8-289F-4FD8-AD80-7A16575F136B}.Debug|Any CPU.ActiveCfg = Debug|Any CPU
		{927B31A8-289F-4FD8-AD80-7A16575F136B}.Debug|Any CPU.Build.0 = Debug|Any CPU
		{927B31A8-289F-4FD8-AD80-7A16575F136B}.Release|Any CPU.ActiveCfg = Release|Any CPU
		{927B31A8-289F-4FD8-AD80-7A16575F136B}.Release|Any CPU.Build.0 = Release|Any CPU
		{02897B7B-37F0-437F-973F-02C36A992B46}.Debug|Any CPU.ActiveCfg = Debug|Any CPU
		{02897B7B-37F0-437F-973F-02C36A992B46}.Debug|Any CPU.Build.0 = Debug|Any CPU
		{02897B7B-37F0-437F-973F-02C36A992B46}.Release|Any CPU.ActiveCfg = Release|Any CPU
		{02897B7B-37F0-437F-973F-02C36A992B46}.Release|Any CPU.Build.0 = Release|Any CPU
		{F89E8924-5DE8-44C5-8298-966054464C56}.Debug|Any CPU.ActiveCfg = Debug|Any CPU
		{F89E8924-5DE8-44C5-8298-966054464C56}.Debug|Any CPU.Build.0 = Debug|Any CPU
		{F89E8924-5DE8-44C5-8298-966054464C56}.Release|Any CPU.ActiveCfg = Release|Any CPU
		{F89E8924-5DE8-44C5-8298-966054464C56}.Release|Any CPU.Build.0 = Release|Any CPU
		{DB294B8E-26D4-4407-9F89-B3CC4F83500E}.Debug|Any CPU.ActiveCfg = Debug|Any CPU
		{DB294B8E-26D4-4407-9F89-B3CC4F83500E}.Debug|Any CPU.Build.0 = Debug|Any CPU
		{DB294B8E-26D4-4407-9F89-B3CC4F83500E}.Release|Any CPU.ActiveCfg = Release|Any CPU
		{DB294B8E-26D4-4407-9F89-B3CC4F83500E}.Release|Any CPU.Build.0 = Release|Any CPU
		{C016878F-86C8-435D-9192-BA24AECA66E3}.Debug|Any CPU.ActiveCfg = Debug|Any CPU
		{C016878F-86C8-435D-9192-BA24AECA66E3}.Debug|Any CPU.Build.0 = Debug|Any CPU
		{C016878F-86C8-435D-9192-BA24AECA66E3}.Release|Any CPU.ActiveCfg = Release|Any CPU
		{C016878F-86C8-435D-9192-BA24AECA66E3}.Release|Any CPU.Build.0 = Release|Any CPU
		{F099D775-6138-4B6B-9902-2D3C83753B9A}.Debug|Any CPU.ActiveCfg = Debug|Any CPU
		{F099D775-6138-4B6B-9902-2D3C83753B9A}.Debug|Any CPU.Build.0 = Debug|Any CPU
		{F099D775-6138-4B6B-9902-2D3C83753B9A}.Release|Any CPU.ActiveCfg = Release|Any CPU
		{F099D775-6138-4B6B-9902-2D3C83753B9A}.Release|Any CPU.Build.0 = Release|Any CPU
		{AF011EDF-16E4-44D3-A73B-329D1D32F50F}.Debug|Any CPU.ActiveCfg = Debug|Any CPU
		{AF011EDF-16E4-44D3-A73B-329D1D32F50F}.Debug|Any CPU.Build.0 = Debug|Any CPU
		{AF011EDF-16E4-44D3-A73B-329D1D32F50F}.Release|Any CPU.ActiveCfg = Release|Any CPU
		{AF011EDF-16E4-44D3-A73B-329D1D32F50F}.Release|Any CPU.Build.0 = Release|Any CPU
		{44A508FA-6C94-4C9F-BC77-672111019CDA}.Debug|Any CPU.ActiveCfg = Debug|Any CPU
		{44A508FA-6C94-4C9F-BC77-672111019CDA}.Debug|Any CPU.Build.0 = Debug|Any CPU
		{44A508FA-6C94-4C9F-BC77-672111019CDA}.Release|Any CPU.ActiveCfg = Release|Any CPU
		{44A508FA-6C94-4C9F-BC77-672111019CDA}.Release|Any CPU.Build.0 = Release|Any CPU
		{90A3E7E0-8199-4BEE-B340-49CF0A19B52A}.Debug|Any CPU.ActiveCfg = Debug|Any CPU
		{90A3E7E0-8199-4BEE-B340-49CF0A19B52A}.Debug|Any CPU.Build.0 = Debug|Any CPU
		{90A3E7E0-8199-4BEE-B340-49CF0A19B52A}.Release|Any CPU.ActiveCfg = Release|Any CPU
		{90A3E7E0-8199-4BEE-B340-49CF0A19B52A}.Release|Any CPU.Build.0 = Release|Any CPU
		{2A274479-1654-40DC-BCF8-9BB9499F889C}.Debug|Any CPU.ActiveCfg = Debug|Any CPU
		{2A274479-1654-40DC-BCF8-9BB9499F889C}.Debug|Any CPU.Build.0 = Debug|Any CPU
		{2A274479-1654-40DC-BCF8-9BB9499F889C}.Release|Any CPU.ActiveCfg = Release|Any CPU
		{2A274479-1654-40DC-BCF8-9BB9499F889C}.Release|Any CPU.Build.0 = Release|Any CPU
		{914AB9CB-C3A6-4175-B963-CC27580780D0}.Debug|Any CPU.ActiveCfg = Debug|Any CPU
		{914AB9CB-C3A6-4175-B963-CC27580780D0}.Debug|Any CPU.Build.0 = Debug|Any CPU
		{914AB9CB-C3A6-4175-B963-CC27580780D0}.Release|Any CPU.ActiveCfg = Release|Any CPU
		{914AB9CB-C3A6-4175-B963-CC27580780D0}.Release|Any CPU.Build.0 = Release|Any CPU
		{0DA35B8F-2A5A-4EA1-B9E1-3C80A3566C78}.Debug|Any CPU.ActiveCfg = Debug|Any CPU
		{0DA35B8F-2A5A-4EA1-B9E1-3C80A3566C78}.Debug|Any CPU.Build.0 = Debug|Any CPU
		{0DA35B8F-2A5A-4EA1-B9E1-3C80A3566C78}.Release|Any CPU.ActiveCfg = Release|Any CPU
		{0DA35B8F-2A5A-4EA1-B9E1-3C80A3566C78}.Release|Any CPU.Build.0 = Release|Any CPU
		{8D3937EE-13D0-4976-B99F-71AAC299B496}.Debug|Any CPU.ActiveCfg = Debug|Any CPU
		{8D3937EE-13D0-4976-B99F-71AAC299B496}.Debug|Any CPU.Build.0 = Debug|Any CPU
		{8D3937EE-13D0-4976-B99F-71AAC299B496}.Release|Any CPU.ActiveCfg = Release|Any CPU
		{8D3937EE-13D0-4976-B99F-71AAC299B496}.Release|Any CPU.Build.0 = Release|Any CPU
		{67953411-54A3-49E5-B9A7-5C60753023DA}.Debug|Any CPU.ActiveCfg = Debug|Any CPU
		{67953411-54A3-49E5-B9A7-5C60753023DA}.Debug|Any CPU.Build.0 = Debug|Any CPU
		{67953411-54A3-49E5-B9A7-5C60753023DA}.Release|Any CPU.ActiveCfg = Release|Any CPU
		{67953411-54A3-49E5-B9A7-5C60753023DA}.Release|Any CPU.Build.0 = Release|Any CPU
		{A6963F36-1924-4F44-A493-3BE424D024D6}.Debug|Any CPU.ActiveCfg = Debug|Any CPU
		{A6963F36-1924-4F44-A493-3BE424D024D6}.Debug|Any CPU.Build.0 = Debug|Any CPU
		{A6963F36-1924-4F44-A493-3BE424D024D6}.Release|Any CPU.ActiveCfg = Release|Any CPU
		{A6963F36-1924-4F44-A493-3BE424D024D6}.Release|Any CPU.Build.0 = Release|Any CPU
		{11442099-531E-462D-AF0B-AD2332AB239B}.Debug|Any CPU.ActiveCfg = Debug|Any CPU
		{11442099-531E-462D-AF0B-AD2332AB239B}.Debug|Any CPU.Build.0 = Debug|Any CPU
		{11442099-531E-462D-AF0B-AD2332AB239B}.Release|Any CPU.ActiveCfg = Release|Any CPU
		{11442099-531E-462D-AF0B-AD2332AB239B}.Release|Any CPU.Build.0 = Release|Any CPU
		{7BBFACF0-4F35-461D-84FD-AA36D802A996}.Debug|Any CPU.ActiveCfg = Debug|Any CPU
		{7BBFACF0-4F35-461D-84FD-AA36D802A996}.Debug|Any CPU.Build.0 = Debug|Any CPU
		{7BBFACF0-4F35-461D-84FD-AA36D802A996}.Release|Any CPU.ActiveCfg = Release|Any CPU
		{7BBFACF0-4F35-461D-84FD-AA36D802A996}.Release|Any CPU.Build.0 = Release|Any CPU
		{F040195D-CD5F-4C7B-A7FF-4E1F2F22A8CF}.Debug|Any CPU.ActiveCfg = Debug|Any CPU
		{F040195D-CD5F-4C7B-A7FF-4E1F2F22A8CF}.Debug|Any CPU.Build.0 = Debug|Any CPU
		{F040195D-CD5F-4C7B-A7FF-4E1F2F22A8CF}.Release|Any CPU.ActiveCfg = Release|Any CPU
		{F040195D-CD5F-4C7B-A7FF-4E1F2F22A8CF}.Release|Any CPU.Build.0 = Release|Any CPU
		{65D2DF89-5A63-47D4-ABEE-951630DD90B1}.Debug|Any CPU.ActiveCfg = Debug|Any CPU
		{65D2DF89-5A63-47D4-ABEE-951630DD90B1}.Debug|Any CPU.Build.0 = Debug|Any CPU
		{65D2DF89-5A63-47D4-ABEE-951630DD90B1}.Release|Any CPU.ActiveCfg = Release|Any CPU
		{65D2DF89-5A63-47D4-ABEE-951630DD90B1}.Release|Any CPU.Build.0 = Release|Any CPU
		{27835E16-ABD9-4040-8A86-7CCB116A569B}.Debug|Any CPU.ActiveCfg = Debug|Any CPU
		{27835E16-ABD9-4040-8A86-7CCB116A569B}.Debug|Any CPU.Build.0 = Debug|Any CPU
		{27835E16-ABD9-4040-8A86-7CCB116A569B}.Release|Any CPU.ActiveCfg = Release|Any CPU
		{27835E16-ABD9-4040-8A86-7CCB116A569B}.Release|Any CPU.Build.0 = Release|Any CPU
	EndGlobalSection
EndGlobal
